
Microsoft Visual Studio Solution File, Format Version 11.00
# Visual Studio 2010
Project("{54435603-DBB4-11D2-8724-00A0C9A8B90C}") = "40clock中文智能安裝版", "40clock中文智能安裝版\40clock中文智能安裝版.vdproj", "{3C1F1100-B220-4010-A1AC-9F7AD068745B}"
EndProject
Global
	GlobalSection(SolutionConfigurationPlatforms) = preSolution
		Debug|Default = Debug|Default
		Release|Default = Release|Default
	EndGlobalSection
	GlobalSection(ProjectConfigurationPlatforms) = postSolution
		{3C1F1100-B220-4010-A1AC-9F7AD068745B}.Debug|Default.ActiveCfg = Debug
		{3C1F1100-B220-4010-A1AC-9F7AD068745B}.Debug|Default.Build.0 = Debug
		{3C1F1100-B220-4010-A1AC-9F7AD068745B}.Release|Default.ActiveCfg = Release
		{3C1F1100-B220-4010-A1AC-9F7AD068745B}.Release|Default.Build.0 = Release
	EndGlobalSection
	GlobalSection(SolutionProperties) = preSolution
		HideSolutionNode = FALSE
	EndGlobalSection
EndGlobal
